
Microsoft Visual Studio Solution File, Format Version 12.00
# Visual Studio Version 16
VisualStudioVersion = 16.0.30621.155
MinimumVisualStudioVersion = 10.0.40219.1
Project("{FAE04EC0-301F-11D3-BF4B-00C04F79EFBC}") = "Chat.Client", "Chat.Client\Chat.Client.csproj", "{4BEA4CB2-1848-419B-9516-FD6D77FB50D2}"
EndProject
Project("{9A19103F-16F7-4668-BE54-9A1E7A4F7556}") = "Chat.Server", "Chat.Server\Chat.Server.csproj", "{3A0F8727-844F-4526-B452-1D152BDD5AF2}"
EndProject
Global
	GlobalSection(SolutionConfigurationPlatforms) = preSolution
		Debug|Any CPU = Debug|Any CPU
		Release|Any CPU = Release|Any CPU
	EndGlobalSection
	GlobalSection(ProjectConfigurationPlatforms) = postSolution
		{4BEA4CB2-1848-419B-9516-FD6D77FB50D2}.Debug|Any CPU.ActiveCfg = Debug|Any CPU
		{4BEA4CB2-1848-419B-9516-FD6D77FB50D2}.Debug|Any CPU.Build.0 = Debug|Any CPU
		{4BEA4CB2-1848-419B-9516-FD6D77FB50D2}.Release|Any CPU.ActiveCfg = Release|Any CPU
		{4BEA4CB2-1848-419B-9516-FD6D77FB50D2}.Release|Any CPU.Build.0 = Release|Any CPU
		{3A0F8727-844F-4526-B452-1D152BDD5AF2}.Debug|Any CPU.ActiveCfg = Debug|Any CPU
		{3A0F8727-844F-4526-B452-1D152BDD5AF2}.Debug|Any CPU.Build.0 = Debug|Any CPU
		{3A0F8727-844F-4526-B452-1D152BDD5AF2}.Release|Any CPU.ActiveCfg = Release|Any CPU
		{3A0F8727-844F-4526-B452-1D152BDD5AF2}.Release|Any CPU.Build.0 = Release|Any CPU
	EndGlobalSection
	GlobalSection(SolutionProperties) = preSolution
		HideSolutionNode = FALSE
	EndGlobalSection
	GlobalSection(ExtensibilityGlobals) = postSolution
		SolutionGuid = {CC8472A4-0D5D-43EB-A2C2-955EFEBDC701}
	EndGlobalSection
EndGlobal
